// !$*UTF8*$!
{
	archiveVersion = 1;
	classes = {
	};
	objectVersion = 48;
	objects = {

/* Begin PBXBuildFile section */
		96884C7220541E2D00580307 /* main.c in Sources */ = {isa = PBXBuildFile; fileRef = 96884C7120541E2D00580307 /* main.c */; };
		96884C7D20541EBE00580307 /* Scanf.c in Sources */ = {isa = PBXBuildFile; fileRef = 96884C7C20541EBE00580307 /* Scanf.c */; };
/* End PBXBuildFile section */

/* Begin PBXCopyFilesBuildPhase section */
		96884C6C20541E2D00580307 /* CopyFiles */ = {
			isa = PBXCopyFilesBuildPhase;
			buildActionMask = 2147483647;
			dstPath = /usr/share/man/man1/;
			dstSubfolderSpec = 0;
			files = (
			);
			runOnlyForDeploymentPostprocessing = 1;
		};
/* End PBXCopyFilesBuildPhase section */

/* Begin PBXFileReference section */
		96884C6E20541E2D00580307 /* 数据结构_严蔚敏_C */ = {isa = PBXFileReference; explicitFileType = "compiled.mach-o.executable"; includeInIndex = 0; path = "数据结构_严蔚敏_C"; sourceTree = BUILT_PRODUCTS_DIR; };
		96884C7120541E2D00580307 /* main.c */ = {isa = PBXFileReference; lastKnownFileType = sourcecode.c.c; path = main.c; sourceTree = "<group>"; };
		96884C7B20541EBE00580307 /* Scanf.h */ = {isa = PBXFileReference; lastKnownFileType = sourcecode.c.h; path = Scanf.h; sourceTree = "<group>"; };
		96884C7C20541EBE00580307 /* Scanf.c */ = {isa = PBXFileReference; lastKnownFileType = sourcecode.c.c; path = Scanf.c; sourceTree = "<group>"; };
		96884C7E20542F1600580307 /* 绪论.rtf */ = {isa = PBXFileReference; lastKnownFileType = text.rtf; path = "绪论.rtf"; sourceTree = "<group>"; };
		96884C80205431A600580307 /* 绪论题目.rtfd */ = {isa = PBXFileReference; lastKnownFileType = wrapper.rtfd; path = "绪论题目.rtfd"; sourceTree = "<group>"; };
/* End PBXFileReference section */

/* Begin PBXFrameworksBuildPhase section */
		96884C6B20541E2D00580307 /* Frameworks */ = {
			isa = PBXFrameworksBuildPhase;
			buildActionMask = 2147483647;
			files = (
			);
			runOnlyForDeploymentPostprocessing = 0;
		};
/* End PBXFrameworksBuildPhase section */

/* Begin PBXGroup section */
		96884C6520541E2C00580307 = {
			isa = PBXGroup;
			children = (
				96884C7820541E8D00580307 /* 数据结构实现 */,
				96884C7920541E8D00580307 /* 课后练习实现 */,
				96884C7020541E2D00580307 /* 数据结构_严蔚敏_C */,
				96884C6F20541E2D00580307 /* Products */,
			);
			sourceTree = "<group>";
		};
		96884C6F20541E2D00580307 /* Products */ = {
			isa = PBXGroup;
			children = (
				96884C6E20541E2D00580307 /* 数据结构_严蔚敏_C */,
			);
			name = Products;
			sourceTree = "<group>";
		};
		96884C7020541E2D00580307 /* 数据结构_严蔚敏_C */ = {
			isa = PBXGroup;
			children = (
				96884C7120541E2D00580307 /* main.c */,
			);
			path = "数据结构_严蔚敏_C";
			sourceTree = "<group>";
		};
		96884C7820541E8D00580307 /* 数据结构实现 */ = {
			isa = PBXGroup;
			children = (
				96884C7A20541EAD00580307 /* 绪论 */,
			);
			path = "数据结构实现";
			sourceTree = "<group>";
		};
		96884C7920541E8D00580307 /* 课后练习实现 */ = {
			isa = PBXGroup;
			children = (
				96884C7F2054318F00580307 /* 绪论 */,
			);
			path = "课后练习实现";
			sourceTree = "<group>";
		};
		96884C7A20541EAD00580307 /* 绪论 */ = {
			isa = PBXGroup;
			children = (
				96884C7B20541EBE00580307 /* Scanf.h */,
				96884C7C20541EBE00580307 /* Scanf.c */,
				96884C7E20542F1600580307 /* 绪论.rtf */,
			);
			path = "绪论";
			sourceTree = "<group>";
		};
		96884C7F2054318F00580307 /* 绪论 */ = {
			isa = PBXGroup;
			children = (
				96884C80205431A600580307 /* 绪论题目.rtfd */,
			);
			path = "绪论";
			sourceTree = "<group>";
		};
/* End PBXGroup section */

/* Begin PBXNativeTarget section */
		96884C6D20541E2D00580307 /* 数据结构_严蔚敏_C */ = {
			isa = PBXNativeTarget;
			buildConfigurationList = 96884C7520541E2D00580307 /* Build configuration list for PBXNativeTarget "数据结构_严蔚敏_C" */;
			buildPhases = (
				96884C6A20541E2D00580307 /* Sources */,
				96884C6B20541E2D00580307 /* Frameworks */,
				96884C6C20541E2D00580307 /* CopyFiles */,
			);
			buildRules = (
			);
			dependencies = (
			);
			name = "数据结构_严蔚敏_C";
			productName = "数据结构_严蔚敏_C";
			productReference = 96884C6E20541E2D00580307 /* 数据结构_严蔚敏_C */;
			productType = "com.apple.product-type.tool";
		};
/* End PBXNativeTarget section */

/* Begin PBXProject section */
		96884C6620541E2C00580307 /* Project object */ = {
			isa = PBXProject;
			attributes = {
				LastUpgradeCheck = 0920;
				ORGANIZATIONNAME = Jason;
				TargetAttributes = {
					96884C6D20541E2D00580307 = {
						CreatedOnToolsVersion = 9.2;
						ProvisioningStyle = Automatic;
					};
				};
			};
			buildConfigurationList = 96884C6920541E2C00580307 /* Build configuration list for PBXProject "数据结构_严蔚敏_C" */;
			compatibilityVersion = "Xcode 8.0";
			developmentRegion = en;
			hasScannedForEncodings = 0;
			knownRegions = (
				en,
			);
			mainGroup = 96884C6520541E2C00580307;
			productRefGroup = 96884C6F20541E2D00580307 /* Products */;
			projectDirPath = "";
			projectRoot = "";
			targets = (
				96884C6D20541E2D00580307 /* 数据结构_严蔚敏_C */,
			);
		};
/* End PBXProject section */

/* Begin PBXSourcesBuildPhase section */
		96884C6A20541E2D00580307 /* Sources */ = {
			isa = PBXSourcesBuildPhase;
			buildActionMask = 2147483647;
			files = (
				96884C7220541E2D00580307 /* main.c in Sources */,
				96884C7D20541EBE00580307 /* Scanf.c in Sources */,
			);
			runOnlyForDeploymentPostprocessing = 0;
		};
/* End PBXSourcesBuildPhase section */

/* Begin XCBuildConfiguration section */
		96884C7320541E2D00580307 /* Debug */ = {
			isa = XCBuildConfiguration;
			buildSettings = {
				ALWAYS_SEARCH_USER_PATHS = NO;
				CLANG_ANALYZER_NONNULL = YES;
				CLANG_ANALYZER_NUMBER_OBJECT_CONVERSION = YES_AGGRESSIVE;
				CLANG_CXX_LANGUAGE_STANDARD = "gnu++14";
				CLANG_CXX_LIBRARY = "libc++";
				CLANG_ENABLE_MODULES = YES;
				CLANG_ENABLE_OBJC_ARC = YES;
				CLANG_WARN_BLOCK_CAPTURE_AUTORELEASING = YES;
				CLANG_WARN_BOOL_CONVERSION = YES;
				CLANG_WARN_COMMA = YES;
				CLANG_WARN_CONSTANT_CONVERSION = YES;
				CLANG_WARN_DIRECT_OBJC_ISA_USAGE = YES_ERROR;
				CLANG_WARN_DOCUMENTATION_COMMENTS = YES;
				CLANG_WARN_EMPTY_BODY = YES;
				CLANG_WARN_ENUM_CONVERSION = YES;
				CLANG_WARN_INFINITE_RECURSION = YES;
				CLANG_WARN_INT_CONVERSION = YES;
				CLANG_WARN_NON_LITERAL_NULL_CONVERSION = YES;
				CLANG_WARN_OBJC_LITERAL_CONVERSION = YES;
				CLANG_WARN_OBJC_ROOT_CLASS = YES_ERROR;
				CLANG_WARN_RANGE_LOOP_ANALYSIS = YES;
				CLANG_WARN_STRICT_PROTOTYPES = YES;
				CLANG_WARN_SUSPICIOUS_MOVE = YES;
				CLANG_WARN_UNGUARDED_AVAILABILITY = YES_AGGRESSIVE;
				CLANG_WARN_UNREACHABLE_CODE = YES;
				CLANG_WARN__DUPLICATE_METHOD_MATCH = YES;
				CODE_SIGN_IDENTITY = "Mac Developer";
				COPY_PHASE_STRIP = NO;
				DEBUG_INFORMATION_FORMAT = dwarf;
				ENABLE_STRICT_OBJC_MSGSEND = YES;
				ENABLE_TESTABILITY = YES;
				GCC_C_LANGUAGE_STANDARD = gnu11;
				GCC_DYNAMIC_NO_PIC = NO;
				GCC_NO_COMMON_BLOCKS = YES;
				GCC_OPTIMIZATION_LEVEL = 0;
				GCC_PREPROCESSOR_DEFINITIONS = (
					"DEBUG=1",
					"$(inherited)",
				);
				GCC_WARN_64_TO_32_BIT_CONVERSION = YES;
				GCC_WARN_ABOUT_RETURN_TYPE = YES_ERROR;
				GCC_WARN_UNDECLARED_SELECTOR = YES;
				GCC_WARN_UNINITIALIZED_AUTOS = YES_AGGRESSIVE;
				GCC_WARN_UNUSED_FUNCTION = YES;
				GCC_WARN_UNUSED_VARIABLE = YES;
				MACOSX_DEPLOYMENT_TARGET = 10.13;
				MTL_ENABLE_DEBUG_INFO = YES;
				ONLY_ACTIVE_ARCH = YES;
				SDKROOT = macosx;
			};
			name = Debug;
		};
		96884C7420541E2D00580307 /* Release */ = {
			isa = XCBuildConfiguration;
			buildSettings = {
				ALWAYS_SEARCH_USER_PATHS = NO;
				CLANG_ANALYZER_NONNULL = YES;
				CLANG_ANALYZER_NUMBER_OBJECT_CONVERSION = YES_AGGRESSIVE;
				CLANG_CXX_LANGUAGE_STANDARD = "gnu++14";
				CLANG_CXX_LIBRARY = "libc++";
				CLANG_ENABLE_MODULES = YES;
				CLANG_ENABLE_OBJC_ARC = YES;
				CLANG_WARN_BLOCK_CAPTURE_AUTORELEASING = YES;
				CLANG_WARN_BOOL_CONVERSION = YES;
				CLANG_WARN_COMMA = YES;
				CLANG_WARN_CONSTANT_CONVERSION = YES;
				CLANG_WARN_DIRECT_OBJC_ISA_USAGE = YES_ERROR;
				CLANG_WARN_DOCUMENTATION_COMMENTS = YES;
				CLANG_WARN_EMPTY_BODY = YES;
				CLANG_WARN_ENUM_CONVERSION = YES;
				CLANG_WARN_INFINITE_RECURSION = YES;
				CLANG_WARN_INT_CONVERSION = YES;
				CLANG_WARN_NON_LITERAL_NULL_CONVERSION = YES;
				CLANG_WARN_OBJC_LITERAL_CONVERSION = YES;
				CLANG_WARN_OBJC_ROOT_CLASS = YES_ERROR;
				CLANG_WARN_RANGE_LOOP_ANALYSIS = YES;
				CLANG_WARN_STRICT_PROTOTYPES = YES;
				CLANG_WARN_SUSPICIOUS_MOVE = YES;
				CLANG_WARN_UNGUARDED_AVAILABILITY = YES_AGGRESSIVE;
				CLANG_WARN_UNREACHABLE_CODE = YES;
				CLANG_WARN__DUPLICATE_METHOD_MATCH = YES;
				CODE_SIGN_IDENTITY = "Mac Developer";
				COPY_PHASE_STRIP = NO;
				DEBUG_INFORMATION_FORMAT = "dwarf-with-dsym";
				ENABLE_NS_ASSERTIONS = NO;
				ENABLE_STRICT_OBJC_MSGSEND = YES;
				GCC_C_LANGUAGE_STANDARD = gnu11;
				GCC_NO_COMMON_BLOCKS = YES;
				GCC_WARN_64_TO_32_BIT_CONVERSION = YES;
				GCC_WARN_ABOUT_RETURN_TYPE = YES_ERROR;
				GCC_WARN_UNDECLARED_SELECTOR = YES;
				GCC_WARN_UNINITIALIZED_AUTOS = YES_AGGRESSIVE;
				GCC_WARN_UNUSED_FUNCTION = YES;
				GCC_WARN_UNUSED_VARIABLE = YES;
				MACOSX_DEPLOYMENT_TARGET = 10.13;
				MTL_ENABLE_DEBUG_INFO = NO;
				SDKROOT = macosx;
			};
			name = Release;
		};
		96884C7620541E2D00580307 /* Debug */ = {
			isa = XCBuildConfiguration;
			buildSettings = {
				CODE_SIGN_STYLE = Automatic;
				DEVELOPMENT_TEAM = ZSE663HLJF;
				PRODUCT_NAME = "$(TARGET_NAME)";
			};
			name = Debug;
		};
		96884C7720541E2D00580307 /* Release */ = {
			isa = XCBuildConfiguration;
			buildSettings = {
				CODE_SIGN_STYLE = Automatic;
				DEVELOPMENT_TEAM = ZSE663HLJF;
				PRODUCT_NAME = "$(TARGET_NAME)";
			};
			name = Release;
		};
/* End XCBuildConfiguration section */

/* Begin XCConfigurationList section */
		96884C6920541E2C00580307 /* Build configuration list for PBXProject "数据结构_严蔚敏_C" */ = {
			isa = XCConfigurationList;
			buildConfigurations = (
				96884C7320541E2D00580307 /* Debug */,
				96884C7420541E2D00580307 /* Release */,
			);
			defaultConfigurationIsVisible = 0;
			defaultConfigurationName = Release;
		};
		96884C7520541E2D00580307 /* Build configuration list for PBXNativeTarget "数据结构_严蔚敏_C" */ = {
			isa = XCConfigurationList;
			buildConfigurations = (
				96884C7620541E2D00580307 /* Debug */,
				96884C7720541E2D00580307 /* Release */,
			);
			defaultConfigurationIsVisible = 0;
			defaultConfigurationName = Release;
		};
/* End XCConfigurationList section */
	};
	rootObject = 96884C6620541E2C00580307 /* Project object */;
}
